
Microsoft Visual Studio Solution File, Format Version 12.00
Project("{FAE04EC0-301F-11D3-BF4B-00C04F79EFBC}") = "WebApp", "WebApp\WebApp.csproj", "{378F4DDD-FE66-4EC5-9C75-842333CEDA74}"
EndProject
Project("{FAE04EC0-301F-11D3-BF4B-00C04F79EFBC}") = "Domain", "Domain\Domain.csproj", "{D4EC6084-7EB7-4639-8265-292D1771A81B}"
EndProject
Project("{2150E333-8FDC-42A3-9474-1A3956D46DE8}") = "Solution Items", "Solution Items", "{2B133CBE-6D36-48DA-86A4-CF4748415B71}"
ProjectSection(SolutionItems) = preProject
	Dircetory.Build.props = Dircetory.Build.props
	.gitignore = .gitignore
EndProjectSection
EndProject
Project("{FAE04EC0-301F-11D3-BF4B-00C04F79EFBC}") = "DAL.App.EF", "DAL.App.EF\DAL.App.EF.csproj", "{93D0AFDD-A71B-4255-B4C5-29344CE92140}"
EndProject
Global
	GlobalSection(SolutionConfigurationPlatforms) = preSolution
		Debug|Any CPU = Debug|Any CPU
		Release|Any CPU = Release|Any CPU
	EndGlobalSection
	GlobalSection(ProjectConfigurationPlatforms) = postSolution
		{378F4DDD-FE66-4EC5-9C75-842333CEDA74}.Debug|Any CPU.ActiveCfg = Debug|Any CPU
		{378F4DDD-FE66-4EC5-9C75-842333CEDA74}.Debug|Any CPU.Build.0 = Debug|Any CPU
		{378F4DDD-FE66-4EC5-9C75-842333CEDA74}.Release|Any CPU.ActiveCfg = Release|Any CPU
		{378F4DDD-FE66-4EC5-9C75-842333CEDA74}.Release|Any CPU.Build.0 = Release|Any CPU
		{D4EC6084-7EB7-4639-8265-292D1771A81B}.Debug|Any CPU.ActiveCfg = Debug|Any CPU
		{D4EC6084-7EB7-4639-8265-292D1771A81B}.Debug|Any CPU.Build.0 = Debug|Any CPU
		{D4EC6084-7EB7-4639-8265-292D1771A81B}.Release|Any CPU.ActiveCfg = Release|Any CPU
		{D4EC6084-7EB7-4639-8265-292D1771A81B}.Release|Any CPU.Build.0 = Release|Any CPU
		{93D0AFDD-A71B-4255-B4C5-29344CE92140}.Debug|Any CPU.ActiveCfg = Debug|Any CPU
		{93D0AFDD-A71B-4255-B4C5-29344CE92140}.Debug|Any CPU.Build.0 = Debug|Any CPU
		{93D0AFDD-A71B-4255-B4C5-29344CE92140}.Release|Any CPU.ActiveCfg = Release|Any CPU
		{93D0AFDD-A71B-4255-B4C5-29344CE92140}.Release|Any CPU.Build.0 = Release|Any CPU
	EndGlobalSection
EndGlobal
