
Microsoft Visual Studio Solution File, Format Version 12.00
Project("{FAE04EC0-301F-11D3-BF4B-00C04F79EFBC}") = "WebApp", "WebApp\WebApp.csproj", "{077E9641-1B29-4677-A4A3-3337738E2CB1}"
EndProject
Project("{2150E333-8FDC-42A3-9474-1A3956D46DE8}") = "Base", "Base", "{1EEF3453-B00A-4E69-8B90-9FF0B2683D71}"
EndProject
Project("{FAE04EC0-301F-11D3-BF4B-00C04F79EFBC}") = "Base.Domain", "Base.Domain\Base.Domain.csproj", "{76471BAE-874D-44FA-94EB-2632BEAD5ED9}"
EndProject
Project("{2150E333-8FDC-42A3-9474-1A3956D46DE8}") = "App", "App", "{306B58D5-3D81-4D7A-ABB7-8E56202B9A15}"
EndProject
Project("{2150E333-8FDC-42A3-9474-1A3956D46DE8}") = "Contracts", "Contracts", "{2C5BCF42-8972-4A82-B6EC-7550CD97DA96}"
EndProject
Project("{2150E333-8FDC-42A3-9474-1A3956D46DE8}") = "Contracts", "Contracts", "{70E49D0F-FDD5-4588-84B3-FB6BAA8B09F5}"
EndProject
Project("{FAE04EC0-301F-11D3-BF4B-00C04F79EFBC}") = "App.Domain", "App.Domain\App.Domain.csproj", "{A82CDAC9-0004-4410-B591-B8423702CBC6}"
EndProject
Project("{FAE04EC0-301F-11D3-BF4B-00C04F79EFBC}") = "App.DAL.EF", "App.DAL.EF\App.DAL.EF.csproj", "{AAF4D7EB-3D5A-4CE8-877D-61DBD0B7FB46}"
EndProject
Project("{FAE04EC0-301F-11D3-BF4B-00C04F79EFBC}") = "App.Data", "App.Data\App.Data.csproj", "{7FF75806-EF1D-4D28-8851-63839F69F14E}"
EndProject
Project("{FAE04EC0-301F-11D3-BF4B-00C04F79EFBC}") = "Base.Contracts.Domain", "Base.Contracts.Domain\Base.Contracts.Domain.csproj", "{76145824-A592-4995-9087-7841E2282EA1}"
EndProject
Project("{FAE04EC0-301F-11D3-BF4B-00C04F79EFBC}") = "Base.DAL.EF", "Base.DAL.EF\Base.DAL.EF.csproj", "{4264CDF3-9B28-4AEC-BA0B-70C21AAC7FB6}"
EndProject
Global
	GlobalSection(SolutionConfigurationPlatforms) = preSolution
		Debug|Any CPU = Debug|Any CPU
		Release|Any CPU = Release|Any CPU
	EndGlobalSection
	GlobalSection(ProjectConfigurationPlatforms) = postSolution
		{077E9641-1B29-4677-A4A3-3337738E2CB1}.Debug|Any CPU.ActiveCfg = Debug|Any CPU
		{077E9641-1B29-4677-A4A3-3337738E2CB1}.Debug|Any CPU.Build.0 = Debug|Any CPU
		{077E9641-1B29-4677-A4A3-3337738E2CB1}.Release|Any CPU.ActiveCfg = Release|Any CPU
		{077E9641-1B29-4677-A4A3-3337738E2CB1}.Release|Any CPU.Build.0 = Release|Any CPU
		{76471BAE-874D-44FA-94EB-2632BEAD5ED9}.Debug|Any CPU.ActiveCfg = Debug|Any CPU
		{76471BAE-874D-44FA-94EB-2632BEAD5ED9}.Debug|Any CPU.Build.0 = Debug|Any CPU
		{76471BAE-874D-44FA-94EB-2632BEAD5ED9}.Release|Any CPU.ActiveCfg = Release|Any CPU
		{76471BAE-874D-44FA-94EB-2632BEAD5ED9}.Release|Any CPU.Build.0 = Release|Any CPU
		{A82CDAC9-0004-4410-B591-B8423702CBC6}.Debug|Any CPU.ActiveCfg = Debug|Any CPU
		{A82CDAC9-0004-4410-B591-B8423702CBC6}.Debug|Any CPU.Build.0 = Debug|Any CPU
		{A82CDAC9-0004-4410-B591-B8423702CBC6}.Release|Any CPU.ActiveCfg = Release|Any CPU
		{A82CDAC9-0004-4410-B591-B8423702CBC6}.Release|Any CPU.Build.0 = Release|Any CPU
		{AAF4D7EB-3D5A-4CE8-877D-61DBD0B7FB46}.Debug|Any CPU.ActiveCfg = Debug|Any CPU
		{AAF4D7EB-3D5A-4CE8-877D-61DBD0B7FB46}.Debug|Any CPU.Build.0 = Debug|Any CPU
		{AAF4D7EB-3D5A-4CE8-877D-61DBD0B7FB46}.Release|Any CPU.ActiveCfg = Release|Any CPU
		{AAF4D7EB-3D5A-4CE8-877D-61DBD0B7FB46}.Release|Any CPU.Build.0 = Release|Any CPU
		{7FF75806-EF1D-4D28-8851-63839F69F14E}.Debug|Any CPU.ActiveCfg = Debug|Any CPU
		{7FF75806-EF1D-4D28-8851-63839F69F14E}.Debug|Any CPU.Build.0 = Debug|Any CPU
		{7FF75806-EF1D-4D28-8851-63839F69F14E}.Release|Any CPU.ActiveCfg = Release|Any CPU
		{7FF75806-EF1D-4D28-8851-63839F69F14E}.Release|Any CPU.Build.0 = Release|Any CPU
		{76145824-A592-4995-9087-7841E2282EA1}.Debug|Any CPU.ActiveCfg = Debug|Any CPU
		{76145824-A592-4995-9087-7841E2282EA1}.Debug|Any CPU.Build.0 = Debug|Any CPU
		{76145824-A592-4995-9087-7841E2282EA1}.Release|Any CPU.ActiveCfg = Release|Any CPU
		{76145824-A592-4995-9087-7841E2282EA1}.Release|Any CPU.Build.0 = Release|Any CPU
		{4264CDF3-9B28-4AEC-BA0B-70C21AAC7FB6}.Debug|Any CPU.ActiveCfg = Debug|Any CPU
		{4264CDF3-9B28-4AEC-BA0B-70C21AAC7FB6}.Debug|Any CPU.Build.0 = Debug|Any CPU
		{4264CDF3-9B28-4AEC-BA0B-70C21AAC7FB6}.Release|Any CPU.ActiveCfg = Release|Any CPU
		{4264CDF3-9B28-4AEC-BA0B-70C21AAC7FB6}.Release|Any CPU.Build.0 = Release|Any CPU
	EndGlobalSection
	GlobalSection(NestedProjects) = preSolution
		{76471BAE-874D-44FA-94EB-2632BEAD5ED9} = {1EEF3453-B00A-4E69-8B90-9FF0B2683D71}
		{2C5BCF42-8972-4A82-B6EC-7550CD97DA96} = {1EEF3453-B00A-4E69-8B90-9FF0B2683D71}
		{70E49D0F-FDD5-4588-84B3-FB6BAA8B09F5} = {306B58D5-3D81-4D7A-ABB7-8E56202B9A15}
		{A82CDAC9-0004-4410-B591-B8423702CBC6} = {306B58D5-3D81-4D7A-ABB7-8E56202B9A15}
		{AAF4D7EB-3D5A-4CE8-877D-61DBD0B7FB46} = {306B58D5-3D81-4D7A-ABB7-8E56202B9A15}
		{76145824-A592-4995-9087-7841E2282EA1} = {2C5BCF42-8972-4A82-B6EC-7550CD97DA96}
		{4264CDF3-9B28-4AEC-BA0B-70C21AAC7FB6} = {1EEF3453-B00A-4E69-8B90-9FF0B2683D71}
	EndGlobalSection
EndGlobal
