
Microsoft Visual Studio Solution File, Format Version 12.00
Project("{FAE04EC0-301F-11D3-BF4B-00C04F79EFBC}") = "WebApp", "WebApp\WebApp.csproj", "{077E9641-1B29-4677-A4A3-3337738E2CB1}"
EndProject
Project("{2150E333-8FDC-42A3-9474-1A3956D46DE8}") = "Base", "Base", "{1EEF3453-B00A-4E69-8B90-9FF0B2683D71}"
EndProject
Project("{FAE04EC0-301F-11D3-BF4B-00C04F79EFBC}") = "Base.Domain", "Base.Domain\Base.Domain.csproj", "{76471BAE-874D-44FA-94EB-2632BEAD5ED9}"
EndProject
Global
	GlobalSection(SolutionConfigurationPlatforms) = preSolution
		Debug|Any CPU = Debug|Any CPU
		Release|Any CPU = Release|Any CPU
	EndGlobalSection
	GlobalSection(ProjectConfigurationPlatforms) = postSolution
		{077E9641-1B29-4677-A4A3-3337738E2CB1}.Debug|Any CPU.ActiveCfg = Debug|Any CPU
		{077E9641-1B29-4677-A4A3-3337738E2CB1}.Debug|Any CPU.Build.0 = Debug|Any CPU
		{077E9641-1B29-4677-A4A3-3337738E2CB1}.Release|Any CPU.ActiveCfg = Release|Any CPU
		{077E9641-1B29-4677-A4A3-3337738E2CB1}.Release|Any CPU.Build.0 = Release|Any CPU
		{76471BAE-874D-44FA-94EB-2632BEAD5ED9}.Debug|Any CPU.ActiveCfg = Debug|Any CPU
		{76471BAE-874D-44FA-94EB-2632BEAD5ED9}.Debug|Any CPU.Build.0 = Debug|Any CPU
		{76471BAE-874D-44FA-94EB-2632BEAD5ED9}.Release|Any CPU.ActiveCfg = Release|Any CPU
		{76471BAE-874D-44FA-94EB-2632BEAD5ED9}.Release|Any CPU.Build.0 = Release|Any CPU
	EndGlobalSection
	GlobalSection(NestedProjects) = preSolution
		{76471BAE-874D-44FA-94EB-2632BEAD5ED9} = {1EEF3453-B00A-4E69-8B90-9FF0B2683D71}
	EndGlobalSection
EndGlobal
