
Microsoft Visual Studio Solution File, Format Version 12.00
Project("{FAE04EC0-301F-11D3-BF4B-00C04F79EFBC}") = "WebApp", "WebApp\WebApp.csproj", "{FDCB2E6A-290D-4807-B0EF-A15EFBC6FDE6}"
EndProject
Project("{FAE04EC0-301F-11D3-BF4B-00C04F79EFBC}") = "Domain.App", "Domain.App\Domain.App.csproj", "{C79B50C7-65D7-4EE5-BFF8-60C0D76C580D}"
EndProject
Project("{FAE04EC0-301F-11D3-BF4B-00C04F79EFBC}") = "Domain.Base", "Domain.Base\Domain.Base.csproj", "{98D8FB05-6475-4CF8-AE7B-FB2CECD89251}"
EndProject
Project("{2150E333-8FDC-42A3-9474-1A3956D46DE8}") = "Solution Items", "Solution Items", "{E580D724-F757-478D-B482-3F7FB433858A}"
	ProjectSection(SolutionItems) = preProject
		..\..\docs\controllergen.sh = ..\..\docs\controllergen.sh
		docker-compose.yml = docker-compose.yml
		.dockerignore = .dockerignore
		.gitignore = .gitignore
		..\..\README.md = ..\..\README.md
		..\..\docs\apicontrollers.sh = ..\..\docs\apicontrollers.sh
	EndProjectSection
EndProject
Project("{FAE04EC0-301F-11D3-BF4B-00C04F79EFBC}") = "DAL.App.EF", "DAL.App.EF\DAL.App.EF.csproj", "{5FCC2010-ACDF-425C-B650-383C08EE76F5}"
EndProject
Project("{2150E333-8FDC-42A3-9474-1A3956D46DE8}") = "App", "App", "{31CAC4F3-C0FA-4307-874F-34FEA6F42A8A}"
EndProject
Project("{2150E333-8FDC-42A3-9474-1A3956D46DE8}") = "Base", "Base", "{214EB981-54FA-4901-B41C-FF3AA77AFDD9}"
EndProject
Project("{FAE04EC0-301F-11D3-BF4B-00C04F79EFBC}") = "Resources.App", "Resources.App\Resources.App.csproj", "{31871697-687C-469E-A814-C2B8122DA71B}"
EndProject
Project("{FAE04EC0-301F-11D3-BF4B-00C04F79EFBC}") = "Resources.Base", "Resources.Base\Resources.Base.csproj", "{DF88AFBF-0970-4035-904E-73ACBB80AE04}"
EndProject
Global
	GlobalSection(SolutionConfigurationPlatforms) = preSolution
		Debug|Any CPU = Debug|Any CPU
		Release|Any CPU = Release|Any CPU
	EndGlobalSection
	GlobalSection(ProjectConfigurationPlatforms) = postSolution
		{FDCB2E6A-290D-4807-B0EF-A15EFBC6FDE6}.Debug|Any CPU.ActiveCfg = Debug|Any CPU
		{FDCB2E6A-290D-4807-B0EF-A15EFBC6FDE6}.Debug|Any CPU.Build.0 = Debug|Any CPU
		{FDCB2E6A-290D-4807-B0EF-A15EFBC6FDE6}.Release|Any CPU.ActiveCfg = Release|Any CPU
		{FDCB2E6A-290D-4807-B0EF-A15EFBC6FDE6}.Release|Any CPU.Build.0 = Release|Any CPU
		{C79B50C7-65D7-4EE5-BFF8-60C0D76C580D}.Debug|Any CPU.ActiveCfg = Debug|Any CPU
		{C79B50C7-65D7-4EE5-BFF8-60C0D76C580D}.Debug|Any CPU.Build.0 = Debug|Any CPU
		{C79B50C7-65D7-4EE5-BFF8-60C0D76C580D}.Release|Any CPU.ActiveCfg = Release|Any CPU
		{C79B50C7-65D7-4EE5-BFF8-60C0D76C580D}.Release|Any CPU.Build.0 = Release|Any CPU
		{98D8FB05-6475-4CF8-AE7B-FB2CECD89251}.Debug|Any CPU.ActiveCfg = Debug|Any CPU
		{98D8FB05-6475-4CF8-AE7B-FB2CECD89251}.Debug|Any CPU.Build.0 = Debug|Any CPU
		{98D8FB05-6475-4CF8-AE7B-FB2CECD89251}.Release|Any CPU.ActiveCfg = Release|Any CPU
		{98D8FB05-6475-4CF8-AE7B-FB2CECD89251}.Release|Any CPU.Build.0 = Release|Any CPU
		{5FCC2010-ACDF-425C-B650-383C08EE76F5}.Debug|Any CPU.ActiveCfg = Debug|Any CPU
		{5FCC2010-ACDF-425C-B650-383C08EE76F5}.Debug|Any CPU.Build.0 = Debug|Any CPU
		{5FCC2010-ACDF-425C-B650-383C08EE76F5}.Release|Any CPU.ActiveCfg = Release|Any CPU
		{5FCC2010-ACDF-425C-B650-383C08EE76F5}.Release|Any CPU.Build.0 = Release|Any CPU
		{31871697-687C-469E-A814-C2B8122DA71B}.Debug|Any CPU.ActiveCfg = Debug|Any CPU
		{31871697-687C-469E-A814-C2B8122DA71B}.Debug|Any CPU.Build.0 = Debug|Any CPU
		{31871697-687C-469E-A814-C2B8122DA71B}.Release|Any CPU.ActiveCfg = Release|Any CPU
		{31871697-687C-469E-A814-C2B8122DA71B}.Release|Any CPU.Build.0 = Release|Any CPU
		{DF88AFBF-0970-4035-904E-73ACBB80AE04}.Debug|Any CPU.ActiveCfg = Debug|Any CPU
		{DF88AFBF-0970-4035-904E-73ACBB80AE04}.Debug|Any CPU.Build.0 = Debug|Any CPU
		{DF88AFBF-0970-4035-904E-73ACBB80AE04}.Release|Any CPU.ActiveCfg = Release|Any CPU
		{DF88AFBF-0970-4035-904E-73ACBB80AE04}.Release|Any CPU.Build.0 = Release|Any CPU
	EndGlobalSection
	GlobalSection(NestedProjects) = preSolution
		{5FCC2010-ACDF-425C-B650-383C08EE76F5} = {31CAC4F3-C0FA-4307-874F-34FEA6F42A8A}
		{C79B50C7-65D7-4EE5-BFF8-60C0D76C580D} = {31CAC4F3-C0FA-4307-874F-34FEA6F42A8A}
		{FDCB2E6A-290D-4807-B0EF-A15EFBC6FDE6} = {31CAC4F3-C0FA-4307-874F-34FEA6F42A8A}
		{98D8FB05-6475-4CF8-AE7B-FB2CECD89251} = {214EB981-54FA-4901-B41C-FF3AA77AFDD9}
		{31871697-687C-469E-A814-C2B8122DA71B} = {31CAC4F3-C0FA-4307-874F-34FEA6F42A8A}
		{DF88AFBF-0970-4035-904E-73ACBB80AE04} = {214EB981-54FA-4901-B41C-FF3AA77AFDD9}
	EndGlobalSection
EndGlobal
