
Microsoft Visual Studio Solution File, Format Version 12.00
Project("{FAE04EC0-301F-11D3-BF4B-00C04F79EFBC}") = "WebApp", "WebApp\WebApp.csproj", "{FDCB2E6A-290D-4807-B0EF-A15EFBC6FDE6}"
EndProject
Project("{FAE04EC0-301F-11D3-BF4B-00C04F79EFBC}") = "Domain.App", "Domain.App\Domain.App.csproj", "{C79B50C7-65D7-4EE5-BFF8-60C0D76C580D}"
EndProject
Project("{FAE04EC0-301F-11D3-BF4B-00C04F79EFBC}") = "Domain.Base", "Domain.Base\Domain.Base.csproj", "{98D8FB05-6475-4CF8-AE7B-FB2CECD89251}"
EndProject
Project("{2150E333-8FDC-42A3-9474-1A3956D46DE8}") = "Solution Items", "Solution Items", "{E580D724-F757-478D-B482-3F7FB433858A}"
	ProjectSection(SolutionItems) = preProject
		..\..\docs\controllergen.sh = ..\..\docs\controllergen.sh
		docker-compose.yml = docker-compose.yml
		.dockerignore = .dockerignore
		.gitignore = .gitignore
		..\..\README.md = ..\..\README.md
		..\..\docs\apicontrollers.sh = ..\..\docs\apicontrollers.sh
	EndProjectSection
EndProject
Project("{FAE04EC0-301F-11D3-BF4B-00C04F79EFBC}") = "DAL.App.EF", "DAL.App.EF\DAL.App.EF.csproj", "{5FCC2010-ACDF-425C-B650-383C08EE76F5}"
EndProject
Project("{2150E333-8FDC-42A3-9474-1A3956D46DE8}") = "App", "App", "{31CAC4F3-C0FA-4307-874F-34FEA6F42A8A}"
EndProject
Project("{2150E333-8FDC-42A3-9474-1A3956D46DE8}") = "Base", "Base", "{214EB981-54FA-4901-B41C-FF3AA77AFDD9}"
EndProject
Project("{FAE04EC0-301F-11D3-BF4B-00C04F79EFBC}") = "Resources.App", "Resources.App\Resources.App.csproj", "{31871697-687C-469E-A814-C2B8122DA71B}"
EndProject
Project("{FAE04EC0-301F-11D3-BF4B-00C04F79EFBC}") = "Resources.Base", "Resources.Base\Resources.Base.csproj", "{DF88AFBF-0970-4035-904E-73ACBB80AE04}"
EndProject
Project("{2150E333-8FDC-42A3-9474-1A3956D46DE8}") = "Contracts.Base", "Contracts.Base", "{17206D62-56D4-4D91-9037-A0558DA53FB8}"
EndProject
Project("{FAE04EC0-301F-11D3-BF4B-00C04F79EFBC}") = "Base.Contracts.DAL", "Base.Contracts.DAL\Base.Contracts.DAL.csproj", "{016B550B-1ED3-4A63-9FA6-50D2CEBF413D}"
EndProject
Project("{FAE04EC0-301F-11D3-BF4B-00C04F79EFBC}") = "Base.Contracts.Domain", "Base.Contracts.Domain\Base.Contracts.Domain.csproj", "{2DADCE21-D9BE-41C0-87F9-A70219764BD2}"
EndProject
Project("{FAE04EC0-301F-11D3-BF4B-00C04F79EFBC}") = "DAL.Base.EF", "DAL.Base.EF\DAL.Base.EF.csproj", "{D388D32E-1355-4149-8067-72E4AA0612D6}"
EndProject
Project("{FAE04EC0-301F-11D3-BF4B-00C04F79EFBC}") = "DAL.App.Contracts", "DAL.App.Contracts\DAL.App.Contracts.csproj", "{729E398C-68E1-41A0-9439-E0CD3A22D1E1}"
EndProject
Project("{FAE04EC0-301F-11D3-BF4B-00C04F79EFBC}") = "Extensions.Base", "Extensions.Base\Extensions.Base.csproj", "{2959BDCA-3EC3-4E25-9D1C-203272CAA2E5}"
EndProject
Project("{FAE04EC0-301F-11D3-BF4B-00C04F79EFBC}") = "Base.Contracts", "Base.Contracts\Base.Contracts.csproj", "{5E1D45AA-42CA-437B-A18B-F98CD647A711}"
EndProject
Project("{FAE04EC0-301F-11D3-BF4B-00C04F79EFBC}") = "DAL.Base", "DAL.Base\DAL.Base.csproj", "{86896C9D-629E-4C76-A0A6-A6A1F2E96E0C}"
EndProject
Project("{FAE04EC0-301F-11D3-BF4B-00C04F79EFBC}") = "Base.Contracts.BLL", "Base.Contracts.BLL\Base.Contracts.BLL.csproj", "{4B6588B2-DDC5-4172-B5EE-7D6D3C6449C8}"
EndProject
Project("{FAE04EC0-301F-11D3-BF4B-00C04F79EFBC}") = "BLL.Base", "BLL.Base\BLL.Base.csproj", "{F21C60E5-5477-4B38-BDC2-E2DA92EC14EF}"
EndProject
Project("{FAE04EC0-301F-11D3-BF4B-00C04F79EFBC}") = "BLL.App", "BLL.App\BLL.App.csproj", "{BA83394D-E771-48D8-B693-844DE7D117B8}"
EndProject
Project("{FAE04EC0-301F-11D3-BF4B-00C04F79EFBC}") = "BLL.App.Contracts", "BLL.App.Contracts\BLL.App.Contracts.csproj", "{50F8F4E2-A287-47EC-8471-E868B2001BEA}"
EndProject
Project("{FAE04EC0-301F-11D3-BF4B-00C04F79EFBC}") = "BLL.App.DTO", "BLL.App.DTO\BLL.App.DTO.csproj", "{137F1A8E-5405-423F-AD0E-B0E375DCB6EF}"
EndProject
Project("{FAE04EC0-301F-11D3-BF4B-00C04F79EFBC}") = "DAL.App.DTO", "DAL.App.DTO.app\DAL.App.DTO.csproj", "{65A3ECFD-E2C9-4A40-80C2-1FAFBA5E9E33}"
EndProject
Project("{FAE04EC0-301F-11D3-BF4B-00C04F79EFBC}") = "Public.App.DTO", "Public.App.DTO\Public.App.DTO.csproj", "{0400FA25-60CA-48E5-8497-128F46451804}"
EndProject
Project("{FAE04EC0-301F-11D3-BF4B-00C04F79EFBC}") = "Public.App", "Public.App\Public.App.csproj", "{DEE7826E-4CDB-4FB0-982D-85963F34647F}"
EndProject
Project("{FAE04EC0-301F-11D3-BF4B-00C04F79EFBC}") = "Public.App.Contracts", "Public.App.Contracts\Public.App.Contracts.csproj", "{68A7FCE0-660D-4F42-BB9B-7E567F5BAF90}"
EndProject
Global
	GlobalSection(SolutionConfigurationPlatforms) = preSolution
		Debug|Any CPU = Debug|Any CPU
		Release|Any CPU = Release|Any CPU
	EndGlobalSection
	GlobalSection(ProjectConfigurationPlatforms) = postSolution
		{FDCB2E6A-290D-4807-B0EF-A15EFBC6FDE6}.Debug|Any CPU.ActiveCfg = Debug|Any CPU
		{FDCB2E6A-290D-4807-B0EF-A15EFBC6FDE6}.Debug|Any CPU.Build.0 = Debug|Any CPU
		{FDCB2E6A-290D-4807-B0EF-A15EFBC6FDE6}.Release|Any CPU.ActiveCfg = Release|Any CPU
		{FDCB2E6A-290D-4807-B0EF-A15EFBC6FDE6}.Release|Any CPU.Build.0 = Release|Any CPU
		{C79B50C7-65D7-4EE5-BFF8-60C0D76C580D}.Debug|Any CPU.ActiveCfg = Debug|Any CPU
		{C79B50C7-65D7-4EE5-BFF8-60C0D76C580D}.Debug|Any CPU.Build.0 = Debug|Any CPU
		{C79B50C7-65D7-4EE5-BFF8-60C0D76C580D}.Release|Any CPU.ActiveCfg = Release|Any CPU
		{C79B50C7-65D7-4EE5-BFF8-60C0D76C580D}.Release|Any CPU.Build.0 = Release|Any CPU
		{98D8FB05-6475-4CF8-AE7B-FB2CECD89251}.Debug|Any CPU.ActiveCfg = Debug|Any CPU
		{98D8FB05-6475-4CF8-AE7B-FB2CECD89251}.Debug|Any CPU.Build.0 = Debug|Any CPU
		{98D8FB05-6475-4CF8-AE7B-FB2CECD89251}.Release|Any CPU.ActiveCfg = Release|Any CPU
		{98D8FB05-6475-4CF8-AE7B-FB2CECD89251}.Release|Any CPU.Build.0 = Release|Any CPU
		{5FCC2010-ACDF-425C-B650-383C08EE76F5}.Debug|Any CPU.ActiveCfg = Debug|Any CPU
		{5FCC2010-ACDF-425C-B650-383C08EE76F5}.Debug|Any CPU.Build.0 = Debug|Any CPU
		{5FCC2010-ACDF-425C-B650-383C08EE76F5}.Release|Any CPU.ActiveCfg = Release|Any CPU
		{5FCC2010-ACDF-425C-B650-383C08EE76F5}.Release|Any CPU.Build.0 = Release|Any CPU
		{31871697-687C-469E-A814-C2B8122DA71B}.Debug|Any CPU.ActiveCfg = Debug|Any CPU
		{31871697-687C-469E-A814-C2B8122DA71B}.Debug|Any CPU.Build.0 = Debug|Any CPU
		{31871697-687C-469E-A814-C2B8122DA71B}.Release|Any CPU.ActiveCfg = Release|Any CPU
		{31871697-687C-469E-A814-C2B8122DA71B}.Release|Any CPU.Build.0 = Release|Any CPU
		{DF88AFBF-0970-4035-904E-73ACBB80AE04}.Debug|Any CPU.ActiveCfg = Debug|Any CPU
		{DF88AFBF-0970-4035-904E-73ACBB80AE04}.Debug|Any CPU.Build.0 = Debug|Any CPU
		{DF88AFBF-0970-4035-904E-73ACBB80AE04}.Release|Any CPU.ActiveCfg = Release|Any CPU
		{DF88AFBF-0970-4035-904E-73ACBB80AE04}.Release|Any CPU.Build.0 = Release|Any CPU
		{016B550B-1ED3-4A63-9FA6-50D2CEBF413D}.Debug|Any CPU.ActiveCfg = Debug|Any CPU
		{016B550B-1ED3-4A63-9FA6-50D2CEBF413D}.Debug|Any CPU.Build.0 = Debug|Any CPU
		{016B550B-1ED3-4A63-9FA6-50D2CEBF413D}.Release|Any CPU.ActiveCfg = Release|Any CPU
		{016B550B-1ED3-4A63-9FA6-50D2CEBF413D}.Release|Any CPU.Build.0 = Release|Any CPU
		{2DADCE21-D9BE-41C0-87F9-A70219764BD2}.Debug|Any CPU.ActiveCfg = Debug|Any CPU
		{2DADCE21-D9BE-41C0-87F9-A70219764BD2}.Debug|Any CPU.Build.0 = Debug|Any CPU
		{2DADCE21-D9BE-41C0-87F9-A70219764BD2}.Release|Any CPU.ActiveCfg = Release|Any CPU
		{2DADCE21-D9BE-41C0-87F9-A70219764BD2}.Release|Any CPU.Build.0 = Release|Any CPU
		{D388D32E-1355-4149-8067-72E4AA0612D6}.Debug|Any CPU.ActiveCfg = Debug|Any CPU
		{D388D32E-1355-4149-8067-72E4AA0612D6}.Debug|Any CPU.Build.0 = Debug|Any CPU
		{D388D32E-1355-4149-8067-72E4AA0612D6}.Release|Any CPU.ActiveCfg = Release|Any CPU
		{D388D32E-1355-4149-8067-72E4AA0612D6}.Release|Any CPU.Build.0 = Release|Any CPU
		{729E398C-68E1-41A0-9439-E0CD3A22D1E1}.Debug|Any CPU.ActiveCfg = Debug|Any CPU
		{729E398C-68E1-41A0-9439-E0CD3A22D1E1}.Debug|Any CPU.Build.0 = Debug|Any CPU
		{729E398C-68E1-41A0-9439-E0CD3A22D1E1}.Release|Any CPU.ActiveCfg = Release|Any CPU
		{729E398C-68E1-41A0-9439-E0CD3A22D1E1}.Release|Any CPU.Build.0 = Release|Any CPU
		{2959BDCA-3EC3-4E25-9D1C-203272CAA2E5}.Debug|Any CPU.ActiveCfg = Debug|Any CPU
		{2959BDCA-3EC3-4E25-9D1C-203272CAA2E5}.Debug|Any CPU.Build.0 = Debug|Any CPU
		{2959BDCA-3EC3-4E25-9D1C-203272CAA2E5}.Release|Any CPU.ActiveCfg = Release|Any CPU
		{2959BDCA-3EC3-4E25-9D1C-203272CAA2E5}.Release|Any CPU.Build.0 = Release|Any CPU
		{5E1D45AA-42CA-437B-A18B-F98CD647A711}.Debug|Any CPU.ActiveCfg = Debug|Any CPU
		{5E1D45AA-42CA-437B-A18B-F98CD647A711}.Debug|Any CPU.Build.0 = Debug|Any CPU
		{5E1D45AA-42CA-437B-A18B-F98CD647A711}.Release|Any CPU.ActiveCfg = Release|Any CPU
		{5E1D45AA-42CA-437B-A18B-F98CD647A711}.Release|Any CPU.Build.0 = Release|Any CPU
		{86896C9D-629E-4C76-A0A6-A6A1F2E96E0C}.Debug|Any CPU.ActiveCfg = Debug|Any CPU
		{86896C9D-629E-4C76-A0A6-A6A1F2E96E0C}.Debug|Any CPU.Build.0 = Debug|Any CPU
		{86896C9D-629E-4C76-A0A6-A6A1F2E96E0C}.Release|Any CPU.ActiveCfg = Release|Any CPU
		{86896C9D-629E-4C76-A0A6-A6A1F2E96E0C}.Release|Any CPU.Build.0 = Release|Any CPU
		{4B6588B2-DDC5-4172-B5EE-7D6D3C6449C8}.Debug|Any CPU.ActiveCfg = Debug|Any CPU
		{4B6588B2-DDC5-4172-B5EE-7D6D3C6449C8}.Debug|Any CPU.Build.0 = Debug|Any CPU
		{4B6588B2-DDC5-4172-B5EE-7D6D3C6449C8}.Release|Any CPU.ActiveCfg = Release|Any CPU
		{4B6588B2-DDC5-4172-B5EE-7D6D3C6449C8}.Release|Any CPU.Build.0 = Release|Any CPU
		{F21C60E5-5477-4B38-BDC2-E2DA92EC14EF}.Debug|Any CPU.ActiveCfg = Debug|Any CPU
		{F21C60E5-5477-4B38-BDC2-E2DA92EC14EF}.Debug|Any CPU.Build.0 = Debug|Any CPU
		{F21C60E5-5477-4B38-BDC2-E2DA92EC14EF}.Release|Any CPU.ActiveCfg = Release|Any CPU
		{F21C60E5-5477-4B38-BDC2-E2DA92EC14EF}.Release|Any CPU.Build.0 = Release|Any CPU
		{BA83394D-E771-48D8-B693-844DE7D117B8}.Debug|Any CPU.ActiveCfg = Debug|Any CPU
		{BA83394D-E771-48D8-B693-844DE7D117B8}.Debug|Any CPU.Build.0 = Debug|Any CPU
		{BA83394D-E771-48D8-B693-844DE7D117B8}.Release|Any CPU.ActiveCfg = Release|Any CPU
		{BA83394D-E771-48D8-B693-844DE7D117B8}.Release|Any CPU.Build.0 = Release|Any CPU
		{50F8F4E2-A287-47EC-8471-E868B2001BEA}.Debug|Any CPU.ActiveCfg = Debug|Any CPU
		{50F8F4E2-A287-47EC-8471-E868B2001BEA}.Debug|Any CPU.Build.0 = Debug|Any CPU
		{50F8F4E2-A287-47EC-8471-E868B2001BEA}.Release|Any CPU.ActiveCfg = Release|Any CPU
		{50F8F4E2-A287-47EC-8471-E868B2001BEA}.Release|Any CPU.Build.0 = Release|Any CPU
		{137F1A8E-5405-423F-AD0E-B0E375DCB6EF}.Debug|Any CPU.ActiveCfg = Debug|Any CPU
		{137F1A8E-5405-423F-AD0E-B0E375DCB6EF}.Debug|Any CPU.Build.0 = Debug|Any CPU
		{137F1A8E-5405-423F-AD0E-B0E375DCB6EF}.Release|Any CPU.ActiveCfg = Release|Any CPU
		{137F1A8E-5405-423F-AD0E-B0E375DCB6EF}.Release|Any CPU.Build.0 = Release|Any CPU
		{65A3ECFD-E2C9-4A40-80C2-1FAFBA5E9E33}.Debug|Any CPU.ActiveCfg = Debug|Any CPU
		{65A3ECFD-E2C9-4A40-80C2-1FAFBA5E9E33}.Debug|Any CPU.Build.0 = Debug|Any CPU
		{65A3ECFD-E2C9-4A40-80C2-1FAFBA5E9E33}.Release|Any CPU.ActiveCfg = Release|Any CPU
		{65A3ECFD-E2C9-4A40-80C2-1FAFBA5E9E33}.Release|Any CPU.Build.0 = Release|Any CPU
		{0400FA25-60CA-48E5-8497-128F46451804}.Debug|Any CPU.ActiveCfg = Debug|Any CPU
		{0400FA25-60CA-48E5-8497-128F46451804}.Debug|Any CPU.Build.0 = Debug|Any CPU
		{0400FA25-60CA-48E5-8497-128F46451804}.Release|Any CPU.ActiveCfg = Release|Any CPU
		{0400FA25-60CA-48E5-8497-128F46451804}.Release|Any CPU.Build.0 = Release|Any CPU
		{DEE7826E-4CDB-4FB0-982D-85963F34647F}.Debug|Any CPU.ActiveCfg = Debug|Any CPU
		{DEE7826E-4CDB-4FB0-982D-85963F34647F}.Debug|Any CPU.Build.0 = Debug|Any CPU
		{DEE7826E-4CDB-4FB0-982D-85963F34647F}.Release|Any CPU.ActiveCfg = Release|Any CPU
		{DEE7826E-4CDB-4FB0-982D-85963F34647F}.Release|Any CPU.Build.0 = Release|Any CPU
		{68A7FCE0-660D-4F42-BB9B-7E567F5BAF90}.Debug|Any CPU.ActiveCfg = Debug|Any CPU
		{68A7FCE0-660D-4F42-BB9B-7E567F5BAF90}.Debug|Any CPU.Build.0 = Debug|Any CPU
		{68A7FCE0-660D-4F42-BB9B-7E567F5BAF90}.Release|Any CPU.ActiveCfg = Release|Any CPU
		{68A7FCE0-660D-4F42-BB9B-7E567F5BAF90}.Release|Any CPU.Build.0 = Release|Any CPU
	EndGlobalSection
	GlobalSection(NestedProjects) = preSolution
		{5FCC2010-ACDF-425C-B650-383C08EE76F5} = {31CAC4F3-C0FA-4307-874F-34FEA6F42A8A}
		{C79B50C7-65D7-4EE5-BFF8-60C0D76C580D} = {31CAC4F3-C0FA-4307-874F-34FEA6F42A8A}
		{FDCB2E6A-290D-4807-B0EF-A15EFBC6FDE6} = {31CAC4F3-C0FA-4307-874F-34FEA6F42A8A}
		{98D8FB05-6475-4CF8-AE7B-FB2CECD89251} = {214EB981-54FA-4901-B41C-FF3AA77AFDD9}
		{31871697-687C-469E-A814-C2B8122DA71B} = {31CAC4F3-C0FA-4307-874F-34FEA6F42A8A}
		{DF88AFBF-0970-4035-904E-73ACBB80AE04} = {214EB981-54FA-4901-B41C-FF3AA77AFDD9}
		{016B550B-1ED3-4A63-9FA6-50D2CEBF413D} = {17206D62-56D4-4D91-9037-A0558DA53FB8}
		{2DADCE21-D9BE-41C0-87F9-A70219764BD2} = {17206D62-56D4-4D91-9037-A0558DA53FB8}
		{D388D32E-1355-4149-8067-72E4AA0612D6} = {214EB981-54FA-4901-B41C-FF3AA77AFDD9}
		{729E398C-68E1-41A0-9439-E0CD3A22D1E1} = {31CAC4F3-C0FA-4307-874F-34FEA6F42A8A}
		{2959BDCA-3EC3-4E25-9D1C-203272CAA2E5} = {214EB981-54FA-4901-B41C-FF3AA77AFDD9}
		{5E1D45AA-42CA-437B-A18B-F98CD647A711} = {17206D62-56D4-4D91-9037-A0558DA53FB8}
		{86896C9D-629E-4C76-A0A6-A6A1F2E96E0C} = {214EB981-54FA-4901-B41C-FF3AA77AFDD9}
		{4B6588B2-DDC5-4172-B5EE-7D6D3C6449C8} = {17206D62-56D4-4D91-9037-A0558DA53FB8}
		{F21C60E5-5477-4B38-BDC2-E2DA92EC14EF} = {214EB981-54FA-4901-B41C-FF3AA77AFDD9}
		{BA83394D-E771-48D8-B693-844DE7D117B8} = {31CAC4F3-C0FA-4307-874F-34FEA6F42A8A}
		{50F8F4E2-A287-47EC-8471-E868B2001BEA} = {31CAC4F3-C0FA-4307-874F-34FEA6F42A8A}
		{137F1A8E-5405-423F-AD0E-B0E375DCB6EF} = {31CAC4F3-C0FA-4307-874F-34FEA6F42A8A}
		{65A3ECFD-E2C9-4A40-80C2-1FAFBA5E9E33} = {31CAC4F3-C0FA-4307-874F-34FEA6F42A8A}
		{0400FA25-60CA-48E5-8497-128F46451804} = {31CAC4F3-C0FA-4307-874F-34FEA6F42A8A}
		{DEE7826E-4CDB-4FB0-982D-85963F34647F} = {31CAC4F3-C0FA-4307-874F-34FEA6F42A8A}
		{68A7FCE0-660D-4F42-BB9B-7E567F5BAF90} = {31CAC4F3-C0FA-4307-874F-34FEA6F42A8A}
	EndGlobalSection
EndGlobal
